
Microsoft Visual Studio Solution File, Format Version 12.00
# Visual Studio 2013
VisualStudioVersion = 12.0.40629.0
MinimumVisualStudioVersion = 10.0.40219.1
Project("{FAE04EC0-301F-11D3-BF4B-00C04F79EFBC}") = "LFAConsoleapp", "LFAConsoleapp.csproj", "{0F266FAF-2B3C-4E2E-B6E2-9DDB40E68621}"
EndProject
Project("{FAE04EC0-301F-11D3-BF4B-00C04F79EFBC}") = "lfauserstatuswinform", "..\lfauserstatuswinform\lfauserstatuswinform.csproj", "{47B9B6FC-7622-4A75-B745-E02424C0CB54}"
EndProject
Project("{FAE04EC0-301F-11D3-BF4B-00C04F79EFBC}") = "LFA.sharedclass", "LFA.sharedclass\LFA.sharedclass.csproj", "{7AFDAA55-1BCB-4A88-ADCD-44DDC620185D}"
EndProject
Global
	GlobalSection(SolutionConfigurationPlatforms) = preSolution
		Debug|Any CPU = Debug|Any CPU
		Release|Any CPU = Release|Any CPU
	EndGlobalSection
	GlobalSection(ProjectConfigurationPlatforms) = postSolution
		{0F266FAF-2B3C-4E2E-B6E2-9DDB40E68621}.Debug|Any CPU.ActiveCfg = Debug|Any CPU
		{0F266FAF-2B3C-4E2E-B6E2-9DDB40E68621}.Debug|Any CPU.Build.0 = Debug|Any CPU
		{0F266FAF-2B3C-4E2E-B6E2-9DDB40E68621}.Release|Any CPU.ActiveCfg = Release|Any CPU
		{0F266FAF-2B3C-4E2E-B6E2-9DDB40E68621}.Release|Any CPU.Build.0 = Release|Any CPU
		{47B9B6FC-7622-4A75-B745-E02424C0CB54}.Debug|Any CPU.ActiveCfg = Debug|Any CPU
		{47B9B6FC-7622-4A75-B745-E02424C0CB54}.Debug|Any CPU.Build.0 = Debug|Any CPU
		{47B9B6FC-7622-4A75-B745-E02424C0CB54}.Release|Any CPU.ActiveCfg = Release|Any CPU
		{47B9B6FC-7622-4A75-B745-E02424C0CB54}.Release|Any CPU.Build.0 = Release|Any CPU
		{7AFDAA55-1BCB-4A88-ADCD-44DDC620185D}.Debug|Any CPU.ActiveCfg = Debug|Any CPU
		{7AFDAA55-1BCB-4A88-ADCD-44DDC620185D}.Debug|Any CPU.Build.0 = Debug|Any CPU
		{7AFDAA55-1BCB-4A88-ADCD-44DDC620185D}.Release|Any CPU.ActiveCfg = Release|Any CPU
		{7AFDAA55-1BCB-4A88-ADCD-44DDC620185D}.Release|Any CPU.Build.0 = Release|Any CPU
	EndGlobalSection
	GlobalSection(SolutionProperties) = preSolution
		HideSolutionNode = FALSE
	EndGlobalSection
EndGlobal
